
Microsoft Visual Studio Solution File, Format Version 12.00
# Visual Studio Version 17
VisualStudioVersion = 17.1.32319.34
MinimumVisualStudioVersion = 10.0.40219.1
Project("{9A19103F-16F7-4668-BE54-9A1E7A4F7556}") = "DFramework", "DFramework\DFramework.csproj", "{0A517E5C-99AD-494C-9BCF-6E18F5A323B6}"
EndProject
Project("{9A19103F-16F7-4668-BE54-9A1E7A4F7556}") = "DFramework.Application", "DFramework.Application\DFramework.Application.csproj", "{47EC4109-7398-43B3-B1DC-825127BC51D1}"
EndProject
Project("{9A19103F-16F7-4668-BE54-9A1E7A4F7556}") = "DFramework.Domain", "DFramework.Domain\DFramework.Domain.csproj", "{24B1AA2B-B0F7-4C8E-A6EB-69828A88D784}"
EndProject
Project("{9A19103F-16F7-4668-BE54-9A1E7A4F7556}") = "DFramework.Infrastructure", "DFramework.Infrastructure\DFramework.Infrastructure.csproj", "{C30BDD79-D057-4B34-88CF-BC5DD04D9F42}"
EndProject
Project("{9A19103F-16F7-4668-BE54-9A1E7A4F7556}") = "DFramework.Contracts", "DFramework.Contracts\DFramework.Contracts.csproj", "{6475B58A-3894-49D8-B5A4-1A0E8358A4F2}"
EndProject
Project("{2150E333-8FDC-42A3-9474-1A3956D46DE8}") = "Solution Items", "Solution Items", "{AAAD2AE7-443D-4F1E-8DD1-8928D444051D}"
	ProjectSection(SolutionItems) = preProject
		.gitignore = .gitignore
		README.md = README.md
	EndProjectSection
EndProject
Global
	GlobalSection(SolutionConfigurationPlatforms) = preSolution
		Debug|Any CPU = Debug|Any CPU
		Release|Any CPU = Release|Any CPU
	EndGlobalSection
	GlobalSection(ProjectConfigurationPlatforms) = postSolution
		{0A517E5C-99AD-494C-9BCF-6E18F5A323B6}.Debug|Any CPU.ActiveCfg = Debug|Any CPU
		{0A517E5C-99AD-494C-9BCF-6E18F5A323B6}.Debug|Any CPU.Build.0 = Debug|Any CPU
		{0A517E5C-99AD-494C-9BCF-6E18F5A323B6}.Release|Any CPU.ActiveCfg = Release|Any CPU
		{0A517E5C-99AD-494C-9BCF-6E18F5A323B6}.Release|Any CPU.Build.0 = Release|Any CPU
		{47EC4109-7398-43B3-B1DC-825127BC51D1}.Debug|Any CPU.ActiveCfg = Debug|Any CPU
		{47EC4109-7398-43B3-B1DC-825127BC51D1}.Debug|Any CPU.Build.0 = Debug|Any CPU
		{47EC4109-7398-43B3-B1DC-825127BC51D1}.Release|Any CPU.ActiveCfg = Release|Any CPU
		{47EC4109-7398-43B3-B1DC-825127BC51D1}.Release|Any CPU.Build.0 = Release|Any CPU
		{24B1AA2B-B0F7-4C8E-A6EB-69828A88D784}.Debug|Any CPU.ActiveCfg = Debug|Any CPU
		{24B1AA2B-B0F7-4C8E-A6EB-69828A88D784}.Debug|Any CPU.Build.0 = Debug|Any CPU
		{24B1AA2B-B0F7-4C8E-A6EB-69828A88D784}.Release|Any CPU.ActiveCfg = Release|Any CPU
		{24B1AA2B-B0F7-4C8E-A6EB-69828A88D784}.Release|Any CPU.Build.0 = Release|Any CPU
		{C30BDD79-D057-4B34-88CF-BC5DD04D9F42}.Debug|Any CPU.ActiveCfg = Debug|Any CPU
		{C30BDD79-D057-4B34-88CF-BC5DD04D9F42}.Debug|Any CPU.Build.0 = Debug|Any CPU
		{C30BDD79-D057-4B34-88CF-BC5DD04D9F42}.Release|Any CPU.ActiveCfg = Release|Any CPU
		{C30BDD79-D057-4B34-88CF-BC5DD04D9F42}.Release|Any CPU.Build.0 = Release|Any CPU
		{6475B58A-3894-49D8-B5A4-1A0E8358A4F2}.Debug|Any CPU.ActiveCfg = Debug|Any CPU
		{6475B58A-3894-49D8-B5A4-1A0E8358A4F2}.Debug|Any CPU.Build.0 = Debug|Any CPU
		{6475B58A-3894-49D8-B5A4-1A0E8358A4F2}.Release|Any CPU.ActiveCfg = Release|Any CPU
		{6475B58A-3894-49D8-B5A4-1A0E8358A4F2}.Release|Any CPU.Build.0 = Release|Any CPU
	EndGlobalSection
	GlobalSection(SolutionProperties) = preSolution
		HideSolutionNode = FALSE
	EndGlobalSection
	GlobalSection(ExtensibilityGlobals) = postSolution
		SolutionGuid = {BA012074-1A25-4E18-BFEF-434296BB6282}
	EndGlobalSection
EndGlobal
